
Microsoft Visual Studio Solution File, Format Version 12.00
# Visual Studio 14
VisualStudioVersion = 14.0.24720.0
MinimumVisualStudioVersion = 10.0.40219.1
Project("{FAE04EC0-301F-11D3-BF4B-00C04F79EFBC}") = "RedisTest", "RedisTest\RedisTest.csproj", "{24BD487B-3693-40C1-9D44-14767B268A3E}"
EndProject
Project("{FAE04EC0-301F-11D3-BF4B-00C04F79EFBC}") = "RedisLib", "RedisLib\RedisLib.csproj", "{C1F42698-398C-4CC1-80AC-20B3DFEF0FF2}"
EndProject
Global
	GlobalSection(SolutionConfigurationPlatforms) = preSolution
		Debug|Any CPU = Debug|Any CPU
		Release|Any CPU = Release|Any CPU
	EndGlobalSection
	GlobalSection(ProjectConfigurationPlatforms) = postSolution
		{24BD487B-3693-40C1-9D44-14767B268A3E}.Debug|Any CPU.ActiveCfg = Debug|Any CPU
		{24BD487B-3693-40C1-9D44-14767B268A3E}.Debug|Any CPU.Build.0 = Debug|Any CPU
		{24BD487B-3693-40C1-9D44-14767B268A3E}.Release|Any CPU.ActiveCfg = Release|Any CPU
		{24BD487B-3693-40C1-9D44-14767B268A3E}.Release|Any CPU.Build.0 = Release|Any CPU
		{C1F42698-398C-4CC1-80AC-20B3DFEF0FF2}.Debug|Any CPU.ActiveCfg = Debug|Any CPU
		{C1F42698-398C-4CC1-80AC-20B3DFEF0FF2}.Debug|Any CPU.Build.0 = Debug|Any CPU
		{C1F42698-398C-4CC1-80AC-20B3DFEF0FF2}.Release|Any CPU.ActiveCfg = Release|Any CPU
		{C1F42698-398C-4CC1-80AC-20B3DFEF0FF2}.Release|Any CPU.Build.0 = Release|Any CPU
	EndGlobalSection
	GlobalSection(SolutionProperties) = preSolution
		HideSolutionNode = FALSE
	EndGlobalSection
EndGlobal
